
Microsoft Visual Studio Solution File, Format Version 12.00
# Visual Studio Version 17
VisualStudioVersion = 17.7.34031.279
MinimumVisualStudioVersion = 10.0.40219.1
Project("{FAE04EC0-301F-11D3-BF4B-00C04F79EFBC}") = "Elements.Quantity", "Elements.Quantity\Elements.Quantity.csproj", "{7DA9B41E-A0F0-4392-8672-966642C94884}"
EndProject
Project("{FAE04EC0-301F-11D3-BF4B-00C04F79EFBC}") = "Elements.Quantity.Test", "Elements.Quantity.Tests\Elements.Quantity.Test.csproj", "{40DBC8C3-EF68-47E0-AA3C-83692A649E60}"
EndProject
Global
	GlobalSection(SolutionConfigurationPlatforms) = preSolution
		Debug|Any CPU = Debug|Any CPU
		Release|Any CPU = Release|Any CPU
	EndGlobalSection
	GlobalSection(ProjectConfigurationPlatforms) = postSolution
		{7DA9B41E-A0F0-4392-8672-966642C94884}.Debug|Any CPU.ActiveCfg = Debug|Any CPU
		{7DA9B41E-A0F0-4392-8672-966642C94884}.Debug|Any CPU.Build.0 = Debug|Any CPU
		{7DA9B41E-A0F0-4392-8672-966642C94884}.Release|Any CPU.ActiveCfg = Release|Any CPU
		{7DA9B41E-A0F0-4392-8672-966642C94884}.Release|Any CPU.Build.0 = Release|Any CPU
		{40DBC8C3-EF68-47E0-AA3C-83692A649E60}.Debug|Any CPU.ActiveCfg = Debug|Any CPU
		{40DBC8C3-EF68-47E0-AA3C-83692A649E60}.Debug|Any CPU.Build.0 = Debug|Any CPU
		{40DBC8C3-EF68-47E0-AA3C-83692A649E60}.Release|Any CPU.ActiveCfg = Release|Any CPU
		{40DBC8C3-EF68-47E0-AA3C-83692A649E60}.Release|Any CPU.Build.0 = Release|Any CPU
	EndGlobalSection
	GlobalSection(SolutionProperties) = preSolution
		HideSolutionNode = FALSE
	EndGlobalSection
	GlobalSection(ExtensibilityGlobals) = postSolution
		SolutionGuid = {5839DBBD-489C-4901-A279-59CAF7B0DBE6}
	EndGlobalSection
EndGlobal
